
Microsoft Visual Studio Solution File, Format Version 12.00
# Visual Studio Version 17
VisualStudioVersion = 17.1.32421.90
MinimumVisualStudioVersion = 10.0.40219.1
Project("{9A19103F-16F7-4668-BE54-9A1E7A4F7556}") = "duck_hunt_csharp", "XnaDuckHunt\duck_hunt_csharp.csproj", "{F42B7771-C0E6-4DDB-8E89-2E2F13976DAF}"
EndProject
Project("{FAE04EC0-301F-11D3-BF4B-00C04F79EFBC}") = "WpfDuckHunt", "WpfDuckHunt\WpfDuckHunt.csproj", "{C480F9FB-A260-4423-8CDA-64F6F45B98BC}"
EndProject
Global
	GlobalSection(SolutionConfigurationPlatforms) = preSolution
		Debug|Any CPU = Debug|Any CPU
		Release|Any CPU = Release|Any CPU
	EndGlobalSection
	GlobalSection(ProjectConfigurationPlatforms) = postSolution
		{F42B7771-C0E6-4DDB-8E89-2E2F13976DAF}.Debug|Any CPU.ActiveCfg = Debug|Any CPU
		{F42B7771-C0E6-4DDB-8E89-2E2F13976DAF}.Debug|Any CPU.Build.0 = Debug|Any CPU
		{F42B7771-C0E6-4DDB-8E89-2E2F13976DAF}.Release|Any CPU.ActiveCfg = Release|Any CPU
		{F42B7771-C0E6-4DDB-8E89-2E2F13976DAF}.Release|Any CPU.Build.0 = Release|Any CPU
		{C480F9FB-A260-4423-8CDA-64F6F45B98BC}.Debug|Any CPU.ActiveCfg = Debug|Any CPU
		{C480F9FB-A260-4423-8CDA-64F6F45B98BC}.Debug|Any CPU.Build.0 = Debug|Any CPU
		{C480F9FB-A260-4423-8CDA-64F6F45B98BC}.Release|Any CPU.ActiveCfg = Release|Any CPU
		{C480F9FB-A260-4423-8CDA-64F6F45B98BC}.Release|Any CPU.Build.0 = Release|Any CPU
	EndGlobalSection
	GlobalSection(SolutionProperties) = preSolution
		HideSolutionNode = FALSE
	EndGlobalSection
	GlobalSection(ExtensibilityGlobals) = postSolution
		SolutionGuid = {3E3DBB09-1A01-45BD-91C8-73F02A401EA8}
	EndGlobalSection
EndGlobal
